
Microsoft Visual Studio Solution File, Format Version 12.00
# Visual Studio Version 16
VisualStudioVersion = 16.0.30114.105
MinimumVisualStudioVersion = 10.0.40219.1
Project("{2150E333-8FDC-42A3-9474-1A3956D46DE8}") = "01 - Testes de Unidade", "01 - Testes de Unidade", "{F0BC8735-7571-45B4-9871-09757EFBB2CC}"
EndProject
Project("{2150E333-8FDC-42A3-9474-1A3956D46DE8}") = "1.1 - Testes Basicos", "1.1 - Testes Basicos", "{FD8D1998-D747-4EEC-918A-B74FC8BE3375}"
EndProject
Project("{9A19103F-16F7-4668-BE54-9A1E7A4F7556}") = "Demo", "01 - Testes de Unidade\Demo\Demo.csproj", "{0B618CBD-9627-43B9-A650-CCBE343A9661}"
EndProject
Project("{2150E333-8FDC-42A3-9474-1A3956D46DE8}") = "2.2 - Features", "2.2 - Features", "{4DDC2C03-C13C-434E-8895-5576B616C639}"
EndProject
Project("{9A19103F-16F7-4668-BE54-9A1E7A4F7556}") = "Demo.Tests", "01 - Testes de Unidade\Demo.Tests\Demo.Tests.csproj", "{92A3149E-3EE8-47AF-BDBC-13FB34A52467}"
EndProject
Project("{9A19103F-16F7-4668-BE54-9A1E7A4F7556}") = "Features", "01 - Testes de Unidade\Features\Features.csproj", "{49583A81-FBDC-49E2-BC21-456376FF624A}"
EndProject
Project("{9A19103F-16F7-4668-BE54-9A1E7A4F7556}") = "Features.Tests", "01 - Testes de Unidade\Features.Tests\Features.Tests.csproj", "{0A15C22C-489A-4061-8194-D5B0B2EC4149}"
EndProject
Project("{2150E333-8FDC-42A3-9474-1A3956D46DE8}") = "02 - TDD", "02 - TDD", "{6077790A-9335-4F82-A84F-D2963D0E5F3B}"
EndProject
Project("{2150E333-8FDC-42A3-9474-1A3956D46DE8}") = "Tests", "Tests", "{FD68689A-A484-408B-8AC9-5059B72033FE}"
EndProject
Project("{9A19103F-16F7-4668-BE54-9A1E7A4F7556}") = "NerdStore.Vendas.Domain.Tests", "02 - TDD\tests\NerdStore.Vendas.Domain.Tests\NerdStore.Vendas.Domain.Tests.csproj", "{A1A773EC-66F6-4248-8D14-A93DEF44A9A5}"
EndProject
Project("{9A19103F-16F7-4668-BE54-9A1E7A4F7556}") = "NerdStore.Vendas.Application.Tests", "02 - TDD\tests\NerdStore.Vendas.Application.Tests\NerdStore.Vendas.Application.Tests.csproj", "{E205CE18-7DA4-4706-A9A3-7FBEC4CE37D2}"
EndProject
Project("{9A19103F-16F7-4668-BE54-9A1E7A4F7556}") = "NerdStore.Vendas.Domain", "02 - TDD\src\NerdStore.Vendas.Domain\NerdStore.Vendas.Domain.csproj", "{17C90A81-0624-4CAB-A167-1DAD56B8BBE9}"
EndProject
Project("{9A19103F-16F7-4668-BE54-9A1E7A4F7556}") = "NerdStore.Core", "02 - TDD\src\NerdStore.Core\NerdStore.Core.csproj", "{1C830477-4418-4084-959C-8FED675A8184}"
EndProject
Project("{9A19103F-16F7-4668-BE54-9A1E7A4F7556}") = "NerdStore.Vendas.Application", "02 - TDD\src\NerdStore.Vendas.Application\NerdStore.Vendas.Application.csproj", "{20AFF8C0-DBE7-40A7-AFDB-FC9809F60849}"
EndProject
Project("{9A19103F-16F7-4668-BE54-9A1E7A4F7556}") = "NerdStore.Vendas.Data", "02 - TDD\src\NerdStore.Vendas.Data\NerdStore.Vendas.Data.csproj", "{DBFDB71B-FE27-41EB-97D9-4F9A5B4BD4B0}"
EndProject
Project("{2150E333-8FDC-42A3-9474-1A3956D46DE8}") = "03 - Testes de Integração", "03 - Testes de Integração", "{34DA1D97-2873-43A1-9ADF-5C8E6E4E6181}"
EndProject
Project("{FAE04EC0-301F-11D3-BF4B-00C04F79EFBC}") = "NerdStore.Catalogo.Domain", "03 - Testes de Integracao\src\NerdStore.Catalogo.Domain\NerdStore.Catalogo.Domain.csproj", "{50AB802F-7B48-41B8-AC56-8C1E4F2FACBF}"
EndProject
Project("{FAE04EC0-301F-11D3-BF4B-00C04F79EFBC}") = "NerdStore.Catalogo.Data", "03 - Testes de Integracao\src\NerdStore.Catalogo.Data\NerdStore.Catalogo.Data.csproj", "{F61189C7-EB16-418E-88DD-8626D3CDF859}"
EndProject
Project("{FAE04EC0-301F-11D3-BF4B-00C04F79EFBC}") = "NerdStore.Catalogo.Application", "03 - Testes de Integracao\src\NerdStore.Catalogo.Application\NerdStore.Catalogo.Application.csproj", "{64FCDDD0-C763-4AD9-925E-812A4F87DBE0}"
EndProject
Global
	GlobalSection(SolutionConfigurationPlatforms) = preSolution
		Debug|Any CPU = Debug|Any CPU
		Release|Any CPU = Release|Any CPU
	EndGlobalSection
	GlobalSection(ProjectConfigurationPlatforms) = postSolution
		{0B618CBD-9627-43B9-A650-CCBE343A9661}.Debug|Any CPU.ActiveCfg = Debug|Any CPU
		{0B618CBD-9627-43B9-A650-CCBE343A9661}.Debug|Any CPU.Build.0 = Debug|Any CPU
		{0B618CBD-9627-43B9-A650-CCBE343A9661}.Release|Any CPU.ActiveCfg = Release|Any CPU
		{0B618CBD-9627-43B9-A650-CCBE343A9661}.Release|Any CPU.Build.0 = Release|Any CPU
		{92A3149E-3EE8-47AF-BDBC-13FB34A52467}.Debug|Any CPU.ActiveCfg = Debug|Any CPU
		{92A3149E-3EE8-47AF-BDBC-13FB34A52467}.Debug|Any CPU.Build.0 = Debug|Any CPU
		{92A3149E-3EE8-47AF-BDBC-13FB34A52467}.Release|Any CPU.ActiveCfg = Release|Any CPU
		{92A3149E-3EE8-47AF-BDBC-13FB34A52467}.Release|Any CPU.Build.0 = Release|Any CPU
		{49583A81-FBDC-49E2-BC21-456376FF624A}.Debug|Any CPU.ActiveCfg = Debug|Any CPU
		{49583A81-FBDC-49E2-BC21-456376FF624A}.Debug|Any CPU.Build.0 = Debug|Any CPU
		{49583A81-FBDC-49E2-BC21-456376FF624A}.Release|Any CPU.ActiveCfg = Release|Any CPU
		{49583A81-FBDC-49E2-BC21-456376FF624A}.Release|Any CPU.Build.0 = Release|Any CPU
		{0A15C22C-489A-4061-8194-D5B0B2EC4149}.Debug|Any CPU.ActiveCfg = Debug|Any CPU
		{0A15C22C-489A-4061-8194-D5B0B2EC4149}.Debug|Any CPU.Build.0 = Debug|Any CPU
		{0A15C22C-489A-4061-8194-D5B0B2EC4149}.Release|Any CPU.ActiveCfg = Release|Any CPU
		{0A15C22C-489A-4061-8194-D5B0B2EC4149}.Release|Any CPU.Build.0 = Release|Any CPU
		{A1A773EC-66F6-4248-8D14-A93DEF44A9A5}.Debug|Any CPU.ActiveCfg = Debug|Any CPU
		{A1A773EC-66F6-4248-8D14-A93DEF44A9A5}.Debug|Any CPU.Build.0 = Debug|Any CPU
		{A1A773EC-66F6-4248-8D14-A93DEF44A9A5}.Release|Any CPU.ActiveCfg = Release|Any CPU
		{A1A773EC-66F6-4248-8D14-A93DEF44A9A5}.Release|Any CPU.Build.0 = Release|Any CPU
		{E205CE18-7DA4-4706-A9A3-7FBEC4CE37D2}.Debug|Any CPU.ActiveCfg = Debug|Any CPU
		{E205CE18-7DA4-4706-A9A3-7FBEC4CE37D2}.Debug|Any CPU.Build.0 = Debug|Any CPU
		{E205CE18-7DA4-4706-A9A3-7FBEC4CE37D2}.Release|Any CPU.ActiveCfg = Release|Any CPU
		{E205CE18-7DA4-4706-A9A3-7FBEC4CE37D2}.Release|Any CPU.Build.0 = Release|Any CPU
		{17C90A81-0624-4CAB-A167-1DAD56B8BBE9}.Debug|Any CPU.ActiveCfg = Debug|Any CPU
		{17C90A81-0624-4CAB-A167-1DAD56B8BBE9}.Debug|Any CPU.Build.0 = Debug|Any CPU
		{17C90A81-0624-4CAB-A167-1DAD56B8BBE9}.Release|Any CPU.ActiveCfg = Release|Any CPU
		{17C90A81-0624-4CAB-A167-1DAD56B8BBE9}.Release|Any CPU.Build.0 = Release|Any CPU
		{1C830477-4418-4084-959C-8FED675A8184}.Debug|Any CPU.ActiveCfg = Debug|Any CPU
		{1C830477-4418-4084-959C-8FED675A8184}.Debug|Any CPU.Build.0 = Debug|Any CPU
		{1C830477-4418-4084-959C-8FED675A8184}.Release|Any CPU.ActiveCfg = Release|Any CPU
		{1C830477-4418-4084-959C-8FED675A8184}.Release|Any CPU.Build.0 = Release|Any CPU
		{20AFF8C0-DBE7-40A7-AFDB-FC9809F60849}.Debug|Any CPU.ActiveCfg = Debug|Any CPU
		{20AFF8C0-DBE7-40A7-AFDB-FC9809F60849}.Debug|Any CPU.Build.0 = Debug|Any CPU
		{20AFF8C0-DBE7-40A7-AFDB-FC9809F60849}.Release|Any CPU.ActiveCfg = Release|Any CPU
		{20AFF8C0-DBE7-40A7-AFDB-FC9809F60849}.Release|Any CPU.Build.0 = Release|Any CPU
		{DBFDB71B-FE27-41EB-97D9-4F9A5B4BD4B0}.Debug|Any CPU.ActiveCfg = Debug|Any CPU
		{DBFDB71B-FE27-41EB-97D9-4F9A5B4BD4B0}.Debug|Any CPU.Build.0 = Debug|Any CPU
		{DBFDB71B-FE27-41EB-97D9-4F9A5B4BD4B0}.Release|Any CPU.ActiveCfg = Release|Any CPU
		{DBFDB71B-FE27-41EB-97D9-4F9A5B4BD4B0}.Release|Any CPU.Build.0 = Release|Any CPU
		{50AB802F-7B48-41B8-AC56-8C1E4F2FACBF}.Debug|Any CPU.ActiveCfg = Debug|Any CPU
		{50AB802F-7B48-41B8-AC56-8C1E4F2FACBF}.Debug|Any CPU.Build.0 = Debug|Any CPU
		{50AB802F-7B48-41B8-AC56-8C1E4F2FACBF}.Release|Any CPU.ActiveCfg = Release|Any CPU
		{50AB802F-7B48-41B8-AC56-8C1E4F2FACBF}.Release|Any CPU.Build.0 = Release|Any CPU
		{F61189C7-EB16-418E-88DD-8626D3CDF859}.Debug|Any CPU.ActiveCfg = Debug|Any CPU
		{F61189C7-EB16-418E-88DD-8626D3CDF859}.Debug|Any CPU.Build.0 = Debug|Any CPU
		{F61189C7-EB16-418E-88DD-8626D3CDF859}.Release|Any CPU.ActiveCfg = Release|Any CPU
		{F61189C7-EB16-418E-88DD-8626D3CDF859}.Release|Any CPU.Build.0 = Release|Any CPU
		{64FCDDD0-C763-4AD9-925E-812A4F87DBE0}.Debug|Any CPU.ActiveCfg = Debug|Any CPU
		{64FCDDD0-C763-4AD9-925E-812A4F87DBE0}.Debug|Any CPU.Build.0 = Debug|Any CPU
		{64FCDDD0-C763-4AD9-925E-812A4F87DBE0}.Release|Any CPU.ActiveCfg = Release|Any CPU
		{64FCDDD0-C763-4AD9-925E-812A4F87DBE0}.Release|Any CPU.Build.0 = Release|Any CPU
	EndGlobalSection
	GlobalSection(SolutionProperties) = preSolution
		HideSolutionNode = FALSE
	EndGlobalSection
	GlobalSection(NestedProjects) = preSolution
		{FD8D1998-D747-4EEC-918A-B74FC8BE3375} = {F0BC8735-7571-45B4-9871-09757EFBB2CC}
		{0B618CBD-9627-43B9-A650-CCBE343A9661} = {FD8D1998-D747-4EEC-918A-B74FC8BE3375}
		{4DDC2C03-C13C-434E-8895-5576B616C639} = {F0BC8735-7571-45B4-9871-09757EFBB2CC}
		{92A3149E-3EE8-47AF-BDBC-13FB34A52467} = {FD8D1998-D747-4EEC-918A-B74FC8BE3375}
		{49583A81-FBDC-49E2-BC21-456376FF624A} = {4DDC2C03-C13C-434E-8895-5576B616C639}
		{0A15C22C-489A-4061-8194-D5B0B2EC4149} = {4DDC2C03-C13C-434E-8895-5576B616C639}
		{FD68689A-A484-408B-8AC9-5059B72033FE} = {6077790A-9335-4F82-A84F-D2963D0E5F3B}
		{A1A773EC-66F6-4248-8D14-A93DEF44A9A5} = {FD68689A-A484-408B-8AC9-5059B72033FE}
		{E205CE18-7DA4-4706-A9A3-7FBEC4CE37D2} = {FD68689A-A484-408B-8AC9-5059B72033FE}
		{17C90A81-0624-4CAB-A167-1DAD56B8BBE9} = {6077790A-9335-4F82-A84F-D2963D0E5F3B}
		{1C830477-4418-4084-959C-8FED675A8184} = {6077790A-9335-4F82-A84F-D2963D0E5F3B}
		{20AFF8C0-DBE7-40A7-AFDB-FC9809F60849} = {6077790A-9335-4F82-A84F-D2963D0E5F3B}
		{DBFDB71B-FE27-41EB-97D9-4F9A5B4BD4B0} = {6077790A-9335-4F82-A84F-D2963D0E5F3B}
		{50AB802F-7B48-41B8-AC56-8C1E4F2FACBF} = {34DA1D97-2873-43A1-9ADF-5C8E6E4E6181}
		{F61189C7-EB16-418E-88DD-8626D3CDF859} = {34DA1D97-2873-43A1-9ADF-5C8E6E4E6181}
		{64FCDDD0-C763-4AD9-925E-812A4F87DBE0} = {34DA1D97-2873-43A1-9ADF-5C8E6E4E6181}
	EndGlobalSection
	GlobalSection(ExtensibilityGlobals) = postSolution
		SolutionGuid = {5DDC0309-0882-4F4D-8BAE-844E402348A1}
	EndGlobalSection
EndGlobal
