
Microsoft Visual Studio Solution File, Format Version 12.00
# Visual Studio Version 16
VisualStudioVersion = 16.0.30114.105
MinimumVisualStudioVersion = 10.0.40219.1
Project("{2150E333-8FDC-42A3-9474-1A3956D46DE8}") = "01 - Testes de Unidade", "01 - Testes de Unidade", "{F0BC8735-7571-45B4-9871-09757EFBB2CC}"
EndProject
Project("{2150E333-8FDC-42A3-9474-1A3956D46DE8}") = "1.1 - Testes Basicos", "1.1 - Testes Basicos", "{FD8D1998-D747-4EEC-918A-B74FC8BE3375}"
EndProject
Project("{9A19103F-16F7-4668-BE54-9A1E7A4F7556}") = "Demo", "01 - Testes de Unidade\Demo\Demo.csproj", "{0B618CBD-9627-43B9-A650-CCBE343A9661}"
EndProject
Project("{2150E333-8FDC-42A3-9474-1A3956D46DE8}") = "2.2 - Features", "2.2 - Features", "{4DDC2C03-C13C-434E-8895-5576B616C639}"
EndProject
Project("{9A19103F-16F7-4668-BE54-9A1E7A4F7556}") = "Demo.Tests", "01 - Testes de Unidade\Demo.Tests\Demo.Tests.csproj", "{92A3149E-3EE8-47AF-BDBC-13FB34A52467}"
EndProject
Global
	GlobalSection(SolutionConfigurationPlatforms) = preSolution
		Debug|Any CPU = Debug|Any CPU
		Release|Any CPU = Release|Any CPU
	EndGlobalSection
	GlobalSection(ProjectConfigurationPlatforms) = postSolution
		{0B618CBD-9627-43B9-A650-CCBE343A9661}.Debug|Any CPU.ActiveCfg = Debug|Any CPU
		{0B618CBD-9627-43B9-A650-CCBE343A9661}.Debug|Any CPU.Build.0 = Debug|Any CPU
		{0B618CBD-9627-43B9-A650-CCBE343A9661}.Release|Any CPU.ActiveCfg = Release|Any CPU
		{0B618CBD-9627-43B9-A650-CCBE343A9661}.Release|Any CPU.Build.0 = Release|Any CPU
		{92A3149E-3EE8-47AF-BDBC-13FB34A52467}.Debug|Any CPU.ActiveCfg = Debug|Any CPU
		{92A3149E-3EE8-47AF-BDBC-13FB34A52467}.Debug|Any CPU.Build.0 = Debug|Any CPU
		{92A3149E-3EE8-47AF-BDBC-13FB34A52467}.Release|Any CPU.ActiveCfg = Release|Any CPU
		{92A3149E-3EE8-47AF-BDBC-13FB34A52467}.Release|Any CPU.Build.0 = Release|Any CPU
	EndGlobalSection
	GlobalSection(SolutionProperties) = preSolution
		HideSolutionNode = FALSE
	EndGlobalSection
	GlobalSection(NestedProjects) = preSolution
		{FD8D1998-D747-4EEC-918A-B74FC8BE3375} = {F0BC8735-7571-45B4-9871-09757EFBB2CC}
		{0B618CBD-9627-43B9-A650-CCBE343A9661} = {FD8D1998-D747-4EEC-918A-B74FC8BE3375}
		{4DDC2C03-C13C-434E-8895-5576B616C639} = {F0BC8735-7571-45B4-9871-09757EFBB2CC}
		{92A3149E-3EE8-47AF-BDBC-13FB34A52467} = {FD8D1998-D747-4EEC-918A-B74FC8BE3375}
	EndGlobalSection
	GlobalSection(ExtensibilityGlobals) = postSolution
		SolutionGuid = {5DDC0309-0882-4F4D-8BAE-844E402348A1}
	EndGlobalSection
EndGlobal
